
Microsoft Visual Studio Solution File, Format Version 12.00
# Visual Studio Version 17
VisualStudioVersion = 17.6.33723.286
MinimumVisualStudioVersion = 10.0.40219.1
Project("{FAE04EC0-301F-11D3-BF4B-00C04F79EFBC}") = "BiletUygulaması", "BiletUygulaması\BiletUygulaması.csproj", "{B3898EEA-89B1-46D9-BAE0-609A651239FD}"
EndProject
Global
	GlobalSection(SolutionConfigurationPlatforms) = preSolution
		Debug|Any CPU = Debug|Any CPU
		Release|Any CPU = Release|Any CPU
	EndGlobalSection
	GlobalSection(ProjectConfigurationPlatforms) = postSolution
		{B3898EEA-89B1-46D9-BAE0-609A651239FD}.Debug|Any CPU.ActiveCfg = Debug|Any CPU
		{B3898EEA-89B1-46D9-BAE0-609A651239FD}.Debug|Any CPU.Build.0 = Debug|Any CPU
		{B3898EEA-89B1-46D9-BAE0-609A651239FD}.Release|Any CPU.ActiveCfg = Release|Any CPU
		{B3898EEA-89B1-46D9-BAE0-609A651239FD}.Release|Any CPU.Build.0 = Release|Any CPU
	EndGlobalSection
	GlobalSection(SolutionProperties) = preSolution
		HideSolutionNode = FALSE
	EndGlobalSection
	GlobalSection(ExtensibilityGlobals) = postSolution
		SolutionGuid = {6DD9B2E0-C864-4F1B-A752-80CE992210F8}
	EndGlobalSection
EndGlobal
